
Microsoft Visual Studio Solution File, Format Version 12.00
# Visual Studio Version 16
VisualStudioVersion = 16.0.31229.75
MinimumVisualStudioVersion = 10.0.40219.1
Project("{2150E333-8FDC-42A3-9474-1A3956D46DE8}") = "Services", "Services", "{27C880B9-6651-4089-9CAA-4F8E687BC1A5}"
EndProject
Project("{2150E333-8FDC-42A3-9474-1A3956D46DE8}") = "Catalog", "Catalog", "{F4BDF320-DCBF-4610-A820-074E3D78E531}"
EndProject
Project("{9A19103F-16F7-4668-BE54-9A1E7A4F7556}") = "Catalog.API", "Services\Catalog\Catalog.API\Catalog.API.csproj", "{A41FA05E-98D7-49C5-ABA9-FD0A0FA26786}"
EndProject
Project("{E53339B2-1760-4266-BCC7-CA923CBCF16C}") = "docker-compose", "docker-compose.dcproj", "{C822C850-57F6-43F0-85C3-928B224993F1}"
EndProject
Project("{2150E333-8FDC-42A3-9474-1A3956D46DE8}") = "Basket", "Basket", "{C43796E3-7869-4585-8278-9338EB9C2108}"
EndProject
Project("{9A19103F-16F7-4668-BE54-9A1E7A4F7556}") = "Basket.API", "Services\Basket\Basket.API\Basket.API.csproj", "{D8402686-554C-4E29-9164-1A1BDCD0A50D}"
EndProject
Project("{2150E333-8FDC-42A3-9474-1A3956D46DE8}") = "Discount", "Discount", "{D6CF78DC-D79E-4BA5-A029-3918029688EF}"
EndProject
Project("{9A19103F-16F7-4668-BE54-9A1E7A4F7556}") = "Discount.API", "Services\Discount\Discount.API\Discount.API.csproj", "{626F43CC-16D6-4A07-B54D-79737842CBF9}"
EndProject
Project("{9A19103F-16F7-4668-BE54-9A1E7A4F7556}") = "Discount.Grpc", "Services\Discount\Discount.Grpc\Discount.Grpc.csproj", "{85DF7EE8-3380-4B6A-AB5F-452E9D29E7B4}"
EndProject
Project("{2150E333-8FDC-42A3-9474-1A3956D46DE8}") = "Ordering", "Ordering", "{DA0B5011-77B5-47C8-B4A0-A34AEBAE92A5}"
EndProject
Project("{FAE04EC0-301F-11D3-BF4B-00C04F79EFBC}") = "Ordering.API", "Services\Ordering\Ordering.API\Ordering.API.csproj", "{7A126031-7F37-41F2-8D7E-36AE9ACE67B4}"
EndProject
Global
	GlobalSection(SolutionConfigurationPlatforms) = preSolution
		Debug|Any CPU = Debug|Any CPU
		Release|Any CPU = Release|Any CPU
	EndGlobalSection
	GlobalSection(ProjectConfigurationPlatforms) = postSolution
		{A41FA05E-98D7-49C5-ABA9-FD0A0FA26786}.Debug|Any CPU.ActiveCfg = Debug|Any CPU
		{A41FA05E-98D7-49C5-ABA9-FD0A0FA26786}.Debug|Any CPU.Build.0 = Debug|Any CPU
		{A41FA05E-98D7-49C5-ABA9-FD0A0FA26786}.Release|Any CPU.ActiveCfg = Release|Any CPU
		{A41FA05E-98D7-49C5-ABA9-FD0A0FA26786}.Release|Any CPU.Build.0 = Release|Any CPU
		{C822C850-57F6-43F0-85C3-928B224993F1}.Debug|Any CPU.ActiveCfg = Debug|Any CPU
		{C822C850-57F6-43F0-85C3-928B224993F1}.Debug|Any CPU.Build.0 = Debug|Any CPU
		{C822C850-57F6-43F0-85C3-928B224993F1}.Release|Any CPU.ActiveCfg = Release|Any CPU
		{C822C850-57F6-43F0-85C3-928B224993F1}.Release|Any CPU.Build.0 = Release|Any CPU
		{D8402686-554C-4E29-9164-1A1BDCD0A50D}.Debug|Any CPU.ActiveCfg = Debug|Any CPU
		{D8402686-554C-4E29-9164-1A1BDCD0A50D}.Debug|Any CPU.Build.0 = Debug|Any CPU
		{D8402686-554C-4E29-9164-1A1BDCD0A50D}.Release|Any CPU.ActiveCfg = Release|Any CPU
		{D8402686-554C-4E29-9164-1A1BDCD0A50D}.Release|Any CPU.Build.0 = Release|Any CPU
		{626F43CC-16D6-4A07-B54D-79737842CBF9}.Debug|Any CPU.ActiveCfg = Debug|Any CPU
		{626F43CC-16D6-4A07-B54D-79737842CBF9}.Debug|Any CPU.Build.0 = Debug|Any CPU
		{626F43CC-16D6-4A07-B54D-79737842CBF9}.Release|Any CPU.ActiveCfg = Release|Any CPU
		{626F43CC-16D6-4A07-B54D-79737842CBF9}.Release|Any CPU.Build.0 = Release|Any CPU
		{85DF7EE8-3380-4B6A-AB5F-452E9D29E7B4}.Debug|Any CPU.ActiveCfg = Debug|Any CPU
		{85DF7EE8-3380-4B6A-AB5F-452E9D29E7B4}.Debug|Any CPU.Build.0 = Debug|Any CPU
		{85DF7EE8-3380-4B6A-AB5F-452E9D29E7B4}.Release|Any CPU.ActiveCfg = Release|Any CPU
		{85DF7EE8-3380-4B6A-AB5F-452E9D29E7B4}.Release|Any CPU.Build.0 = Release|Any CPU
		{7A126031-7F37-41F2-8D7E-36AE9ACE67B4}.Debug|Any CPU.ActiveCfg = Debug|Any CPU
		{7A126031-7F37-41F2-8D7E-36AE9ACE67B4}.Debug|Any CPU.Build.0 = Debug|Any CPU
		{7A126031-7F37-41F2-8D7E-36AE9ACE67B4}.Release|Any CPU.ActiveCfg = Release|Any CPU
		{7A126031-7F37-41F2-8D7E-36AE9ACE67B4}.Release|Any CPU.Build.0 = Release|Any CPU
	EndGlobalSection
	GlobalSection(SolutionProperties) = preSolution
		HideSolutionNode = FALSE
	EndGlobalSection
	GlobalSection(NestedProjects) = preSolution
		{F4BDF320-DCBF-4610-A820-074E3D78E531} = {27C880B9-6651-4089-9CAA-4F8E687BC1A5}
		{A41FA05E-98D7-49C5-ABA9-FD0A0FA26786} = {F4BDF320-DCBF-4610-A820-074E3D78E531}
		{C43796E3-7869-4585-8278-9338EB9C2108} = {27C880B9-6651-4089-9CAA-4F8E687BC1A5}
		{D8402686-554C-4E29-9164-1A1BDCD0A50D} = {C43796E3-7869-4585-8278-9338EB9C2108}
		{D6CF78DC-D79E-4BA5-A029-3918029688EF} = {27C880B9-6651-4089-9CAA-4F8E687BC1A5}
		{626F43CC-16D6-4A07-B54D-79737842CBF9} = {D6CF78DC-D79E-4BA5-A029-3918029688EF}
		{85DF7EE8-3380-4B6A-AB5F-452E9D29E7B4} = {D6CF78DC-D79E-4BA5-A029-3918029688EF}
		{DA0B5011-77B5-47C8-B4A0-A34AEBAE92A5} = {27C880B9-6651-4089-9CAA-4F8E687BC1A5}
		{7A126031-7F37-41F2-8D7E-36AE9ACE67B4} = {DA0B5011-77B5-47C8-B4A0-A34AEBAE92A5}
	EndGlobalSection
	GlobalSection(ExtensibilityGlobals) = postSolution
		SolutionGuid = {85987E61-3F50-4DE2-977B-E8A39AAB0FE8}
	EndGlobalSection
EndGlobal
